// !$*UTF8*$!
{
	archiveVersion = 1;
	classes = {
	};
	objectVersion = 50;
	objects = {

/* Begin PBXBuildFile section */
		6462863B23ADE7C200A26F49 /* AppDelegate.swift in Sources */ = {isa = PBXBuildFile; fileRef = 6462863A23ADE7C200A26F49 /* AppDelegate.swift */; };
		6462863D23ADE7C200A26F49 /* SceneDelegate.swift in Sources */ = {isa = PBXBuildFile; fileRef = 6462863C23ADE7C200A26F49 /* SceneDelegate.swift */; };
		6462863F23ADE7C200A26F49 /* HomeViewController.swift in Sources */ = {isa = PBXBuildFile; fileRef = 6462863E23ADE7C200A26F49 /* HomeViewController.swift */; };
		6462864223ADE7C200A26F49 /* Main.storyboard in Resources */ = {isa = PBXBuildFile; fileRef = 6462864023ADE7C200A26F49 /* Main.storyboard */; };
		6462864523ADE7C200A26F49 /* NYTimes.xcdatamodeld in Sources */ = {isa = PBXBuildFile; fileRef = 6462864323ADE7C200A26F49 /* NYTimes.xcdatamodeld */; };
		6462864723ADE7C300A26F49 /* Assets.xcassets in Resources */ = {isa = PBXBuildFile; fileRef = 6462864623ADE7C300A26F49 /* Assets.xcassets */; };
		6462864A23ADE7C300A26F49 /* LaunchScreen.storyboard in Resources */ = {isa = PBXBuildFile; fileRef = 6462864823ADE7C300A26F49 /* LaunchScreen.storyboard */; };
		6462865523ADE7C300A26F49 /* NYTimesNetwrokTests.swift in Sources */ = {isa = PBXBuildFile; fileRef = 6462865423ADE7C300A26F49 /* NYTimesNetwrokTests.swift */; };
		6462866223ADE88200A26F49 /* HomeViewModel.swift in Sources */ = {isa = PBXBuildFile; fileRef = 6462866123ADE88200A26F49 /* HomeViewModel.swift */; };
		6462866523AE031700A26F49 /* NetworkManager.swift in Sources */ = {isa = PBXBuildFile; fileRef = 6462866423AE031700A26F49 /* NetworkManager.swift */; };
		6462866723AE036A00A26F49 /* HTTPClient.swift in Sources */ = {isa = PBXBuildFile; fileRef = 6462866623AE036A00A26F49 /* HTTPClient.swift */; };
		6462866B23AE502D00A26F49 /* Constants.swift in Sources */ = {isa = PBXBuildFile; fileRef = 6462866A23AE502D00A26F49 /* Constants.swift */; };
		6462867F23AE7A2F00A26F49 /* NYTimesViewModelTests.swift in Sources */ = {isa = PBXBuildFile; fileRef = 6462867E23AE7A2F00A26F49 /* NYTimesViewModelTests.swift */; };
		6462868123AE886B00A26F49 /* Environment.swift in Sources */ = {isa = PBXBuildFile; fileRef = 6462868023AE886B00A26F49 /* Environment.swift */; };
		6462868C23AE914D00A26F49 /* Response.swift in Sources */ = {isa = PBXBuildFile; fileRef = 6462868323AE914C00A26F49 /* Response.swift */; };
		6462868E23AE914D00A26F49 /* Docs.swift in Sources */ = {isa = PBXBuildFile; fileRef = 6462868523AE914C00A26F49 /* Docs.swift */; };
		6462868F23AE914D00A26F49 /* Article.swift in Sources */ = {isa = PBXBuildFile; fileRef = 6462868623AE914C00A26F49 /* Article.swift */; };
		6462869123AE914D00A26F49 /* Headline.swift in Sources */ = {isa = PBXBuildFile; fileRef = 6462868823AE914C00A26F49 /* Headline.swift */; };
		6463FB5D23B213FC00092562 /* articles.json in Resources */ = {isa = PBXBuildFile; fileRef = 6463FB5C23B213FC00092562 /* articles.json */; };
		6463FB6123B23CAB00092562 /* Helper.swift in Sources */ = {isa = PBXBuildFile; fileRef = 6463FB6023B23CAB00092562 /* Helper.swift */; };
		6463FB6323B23E8700092562 /* JSONDecoder.swift in Sources */ = {isa = PBXBuildFile; fileRef = 6463FB6223B23E8700092562 /* JSONDecoder.swift */; };
		647555BE23AF4DE200798F8F /* ArticleTableViewCell.swift in Sources */ = {isa = PBXBuildFile; fileRef = 647555BC23AF4DE200798F8F /* ArticleTableViewCell.swift */; };
		647555BF23AF4DE200798F8F /* ArticleTableViewCell.xib in Resources */ = {isa = PBXBuildFile; fileRef = 647555BD23AF4DE200798F8F /* ArticleTableViewCell.xib */; };
		647555C323AF515A00798F8F /* DataManager.swift in Sources */ = {isa = PBXBuildFile; fileRef = 647555C223AF515A00798F8F /* DataManager.swift */; };
		647555C623AF811F00798F8F /* DetailViewController.swift in Sources */ = {isa = PBXBuildFile; fileRef = 647555C423AF811F00798F8F /* DetailViewController.swift */; };
		647555CE23AF9B3C00798F8F /* NYTimesDataManagerTests.swift in Sources */ = {isa = PBXBuildFile; fileRef = 647555CD23AF9B3C00798F8F /* NYTimesDataManagerTests.swift */; };
/* End PBXBuildFile section */

/* Begin PBXContainerItemProxy section */
		6462865123ADE7C300A26F49 /* PBXContainerItemProxy */ = {
			isa = PBXContainerItemProxy;
			containerPortal = 6462862F23ADE7C200A26F49 /* Project object */;
			proxyType = 1;
			remoteGlobalIDString = 6462863623ADE7C200A26F49;
			remoteInfo = NYTimes;
		};
/* End PBXContainerItemProxy section */

/* Begin PBXFileReference section */
		6462863723ADE7C200A26F49 /* NYTimes.app */ = {isa = PBXFileReference; explicitFileType = wrapper.application; includeInIndex = 0; path = NYTimes.app; sourceTree = BUILT_PRODUCTS_DIR; };
		6462863A23ADE7C200A26F49 /* AppDelegate.swift */ = {isa = PBXFileReference; lastKnownFileType = sourcecode.swift; path = AppDelegate.swift; sourceTree = "<group>"; };
		6462863C23ADE7C200A26F49 /* SceneDelegate.swift */ = {isa = PBXFileReference; lastKnownFileType = sourcecode.swift; path = SceneDelegate.swift; sourceTree = "<group>"; };
		6462863E23ADE7C200A26F49 /* HomeViewController.swift */ = {isa = PBXFileReference; lastKnownFileType = sourcecode.swift; path = HomeViewController.swift; sourceTree = "<group>"; };
		6462864123ADE7C200A26F49 /* Base */ = {isa = PBXFileReference; lastKnownFileType = file.storyboard; name = Base; path = Base.lproj/Main.storyboard; sourceTree = "<group>"; };
		6462864423ADE7C200A26F49 /* NYTimes.xcdatamodel */ = {isa = PBXFileReference; lastKnownFileType = wrapper.xcdatamodel; path = NYTimes.xcdatamodel; sourceTree = "<group>"; };
		6462864623ADE7C300A26F49 /* Assets.xcassets */ = {isa = PBXFileReference; lastKnownFileType = folder.assetcatalog; path = Assets.xcassets; sourceTree = "<group>"; };
		6462864923ADE7C300A26F49 /* Base */ = {isa = PBXFileReference; lastKnownFileType = file.storyboard; name = Base; path = Base.lproj/LaunchScreen.storyboard; sourceTree = "<group>"; };
		6462864B23ADE7C300A26F49 /* Info.plist */ = {isa = PBXFileReference; lastKnownFileType = text.plist.xml; path = Info.plist; sourceTree = "<group>"; };
		6462865023ADE7C300A26F49 /* NYTimesTests.xctest */ = {isa = PBXFileReference; explicitFileType = wrapper.cfbundle; includeInIndex = 0; path = NYTimesTests.xctest; sourceTree = BUILT_PRODUCTS_DIR; };
		6462865423ADE7C300A26F49 /* NYTimesNetwrokTests.swift */ = {isa = PBXFileReference; lastKnownFileType = sourcecode.swift; path = NYTimesNetwrokTests.swift; sourceTree = "<group>"; };
		6462865623ADE7C300A26F49 /* Info.plist */ = {isa = PBXFileReference; lastKnownFileType = text.plist.xml; path = Info.plist; sourceTree = "<group>"; };
		6462866123ADE88200A26F49 /* HomeViewModel.swift */ = {isa = PBXFileReference; lastKnownFileType = sourcecode.swift; path = HomeViewModel.swift; sourceTree = "<group>"; };
		6462866423AE031700A26F49 /* NetworkManager.swift */ = {isa = PBXFileReference; lastKnownFileType = sourcecode.swift; path = NetworkManager.swift; sourceTree = "<group>"; };
		6462866623AE036A00A26F49 /* HTTPClient.swift */ = {isa = PBXFileReference; lastKnownFileType = sourcecode.swift; path = HTTPClient.swift; sourceTree = "<group>"; };
		6462866A23AE502D00A26F49 /* Constants.swift */ = {isa = PBXFileReference; lastKnownFileType = sourcecode.swift; path = Constants.swift; sourceTree = "<group>"; };
		6462867E23AE7A2F00A26F49 /* NYTimesViewModelTests.swift */ = {isa = PBXFileReference; lastKnownFileType = sourcecode.swift; path = NYTimesViewModelTests.swift; sourceTree = "<group>"; };
		6462868023AE886B00A26F49 /* Environment.swift */ = {isa = PBXFileReference; lastKnownFileType = sourcecode.swift; path = Environment.swift; sourceTree = "<group>"; };
		6462868323AE914C00A26F49 /* Response.swift */ = {isa = PBXFileReference; fileEncoding = 4; lastKnownFileType = sourcecode.swift; path = Response.swift; sourceTree = "<group>"; };
		6462868523AE914C00A26F49 /* Docs.swift */ = {isa = PBXFileReference; fileEncoding = 4; lastKnownFileType = sourcecode.swift; path = Docs.swift; sourceTree = "<group>"; };
		6462868623AE914C00A26F49 /* Article.swift */ = {isa = PBXFileReference; fileEncoding = 4; lastKnownFileType = sourcecode.swift; path = Article.swift; sourceTree = "<group>"; };
		6462868823AE914C00A26F49 /* Headline.swift */ = {isa = PBXFileReference; fileEncoding = 4; lastKnownFileType = sourcecode.swift; path = Headline.swift; sourceTree = "<group>"; };
		6463FB5C23B213FC00092562 /* articles.json */ = {isa = PBXFileReference; lastKnownFileType = text.json; path = articles.json; sourceTree = "<group>"; };
		6463FB6023B23CAB00092562 /* Helper.swift */ = {isa = PBXFileReference; fileEncoding = 4; lastKnownFileType = sourcecode.swift; path = Helper.swift; sourceTree = "<group>"; };
		6463FB6223B23E8700092562 /* JSONDecoder.swift */ = {isa = PBXFileReference; lastKnownFileType = sourcecode.swift; path = JSONDecoder.swift; sourceTree = "<group>"; };
		647555BC23AF4DE200798F8F /* ArticleTableViewCell.swift */ = {isa = PBXFileReference; lastKnownFileType = sourcecode.swift; path = ArticleTableViewCell.swift; sourceTree = "<group>"; };
		647555BD23AF4DE200798F8F /* ArticleTableViewCell.xib */ = {isa = PBXFileReference; lastKnownFileType = file.xib; path = ArticleTableViewCell.xib; sourceTree = "<group>"; };
		647555C223AF515A00798F8F /* DataManager.swift */ = {isa = PBXFileReference; lastKnownFileType = sourcecode.swift; path = DataManager.swift; sourceTree = "<group>"; };
		647555C423AF811F00798F8F /* DetailViewController.swift */ = {isa = PBXFileReference; lastKnownFileType = sourcecode.swift; path = DetailViewController.swift; sourceTree = "<group>"; };
		647555CD23AF9B3C00798F8F /* NYTimesDataManagerTests.swift */ = {isa = PBXFileReference; lastKnownFileType = sourcecode.swift; path = NYTimesDataManagerTests.swift; sourceTree = "<group>"; };
/* End PBXFileReference section */

/* Begin PBXFrameworksBuildPhase section */
		6462863423ADE7C200A26F49 /* Frameworks */ = {
			isa = PBXFrameworksBuildPhase;
			buildActionMask = 2147483647;
			files = (
			);
			runOnlyForDeploymentPostprocessing = 0;
		};
		6462864D23ADE7C300A26F49 /* Frameworks */ = {
			isa = PBXFrameworksBuildPhase;
			buildActionMask = 2147483647;
			files = (
			);
			runOnlyForDeploymentPostprocessing = 0;
		};
/* End PBXFrameworksBuildPhase section */

/* Begin PBXGroup section */
		6462862E23ADE7C200A26F49 = {
			isa = PBXGroup;
			children = (
				6462863923ADE7C200A26F49 /* NYTimes */,
				6462865323ADE7C300A26F49 /* NYTimesTests */,
				6462863823ADE7C200A26F49 /* Products */,
			);
			sourceTree = "<group>";
		};
		6462863823ADE7C200A26F49 /* Products */ = {
			isa = PBXGroup;
			children = (
				6462863723ADE7C200A26F49 /* NYTimes.app */,
				6462865023ADE7C300A26F49 /* NYTimesTests.xctest */,
			);
			name = Products;
			sourceTree = "<group>";
		};
		6462863923ADE7C200A26F49 /* NYTimes */ = {
			isa = PBXGroup;
			children = (
				6463FB6423B24E2500092562 /* Resources */,
				647555C823AF828C00798F8F /* Extensions */,
				647555BB23AF4DBB00798F8F /* UITableViewCell */,
				6462866923AE501E00A26F49 /* Commons */,
				6462866823AE03ED00A26F49 /* Models */,
				6462866323AE02F900A26F49 /* Services */,
				6462866023ADE86B00A26F49 /* ViewModels */,
				6462865F23ADE86200A26F49 /* ViewControllers */,
				6462863A23ADE7C200A26F49 /* AppDelegate.swift */,
				6462863C23ADE7C200A26F49 /* SceneDelegate.swift */,
				6462864023ADE7C200A26F49 /* Main.storyboard */,
				6462864623ADE7C300A26F49 /* Assets.xcassets */,
				6462864823ADE7C300A26F49 /* LaunchScreen.storyboard */,
				6462864B23ADE7C300A26F49 /* Info.plist */,
				6462864323ADE7C200A26F49 /* NYTimes.xcdatamodeld */,
			);
			path = NYTimes;
			sourceTree = "<group>";
		};
		6462865323ADE7C300A26F49 /* NYTimesTests */ = {
			isa = PBXGroup;
			children = (
				6462865423ADE7C300A26F49 /* NYTimesNetwrokTests.swift */,
				6462867E23AE7A2F00A26F49 /* NYTimesViewModelTests.swift */,
				647555CD23AF9B3C00798F8F /* NYTimesDataManagerTests.swift */,
				6462865623ADE7C300A26F49 /* Info.plist */,
			);
			path = NYTimesTests;
			sourceTree = "<group>";
		};
		6462865F23ADE86200A26F49 /* ViewControllers */ = {
			isa = PBXGroup;
			children = (
				6462863E23ADE7C200A26F49 /* HomeViewController.swift */,
				647555C423AF811F00798F8F /* DetailViewController.swift */,
			);
			path = ViewControllers;
			sourceTree = "<group>";
		};
		6462866023ADE86B00A26F49 /* ViewModels */ = {
			isa = PBXGroup;
			children = (
				6462866123ADE88200A26F49 /* HomeViewModel.swift */,
			);
			path = ViewModels;
			sourceTree = "<group>";
		};
		6462866323AE02F900A26F49 /* Services */ = {
			isa = PBXGroup;
			children = (
				6462866423AE031700A26F49 /* NetworkManager.swift */,
				6462866623AE036A00A26F49 /* HTTPClient.swift */,
			);
			path = Services;
			sourceTree = "<group>";
		};
		6462866823AE03ED00A26F49 /* Models */ = {
			isa = PBXGroup;
			children = (
				647555C123AF513E00798F8F /* DataManager */,
				647555C023AF512B00798F8F /* Articles */,
			);
			path = Models;
			sourceTree = "<group>";
		};
		6462866923AE501E00A26F49 /* Commons */ = {
			isa = PBXGroup;
			children = (
				6462866A23AE502D00A26F49 /* Constants.swift */,
				6462868023AE886B00A26F49 /* Environment.swift */,
				6463FB6023B23CAB00092562 /* Helper.swift */,
			);
			path = Commons;
			sourceTree = "<group>";
		};
		6463FB6423B24E2500092562 /* Resources */ = {
			isa = PBXGroup;
			children = (
				6463FB6523B24E2E00092562 /* JSON */,
			);
			path = Resources;
			sourceTree = "<group>";
		};
		6463FB6523B24E2E00092562 /* JSON */ = {
			isa = PBXGroup;
			children = (
				6463FB5C23B213FC00092562 /* articles.json */,
			);
			path = JSON;
			sourceTree = "<group>";
		};
		647555BB23AF4DBB00798F8F /* UITableViewCell */ = {
			isa = PBXGroup;
			children = (
				647555BC23AF4DE200798F8F /* ArticleTableViewCell.swift */,
				647555BD23AF4DE200798F8F /* ArticleTableViewCell.xib */,
			);
			path = UITableViewCell;
			sourceTree = "<group>";
		};
		647555C023AF512B00798F8F /* Articles */ = {
			isa = PBXGroup;
			children = (
				6462868623AE914C00A26F49 /* Article.swift */,
				6462868523AE914C00A26F49 /* Docs.swift */,
				6462868823AE914C00A26F49 /* Headline.swift */,
				6462868323AE914C00A26F49 /* Response.swift */,
			);
			path = Articles;
			sourceTree = "<group>";
		};
		647555C123AF513E00798F8F /* DataManager */ = {
			isa = PBXGroup;
			children = (
				647555C223AF515A00798F8F /* DataManager.swift */,
			);
			path = DataManager;
			sourceTree = "<group>";
		};
		647555C823AF828C00798F8F /* Extensions */ = {
			isa = PBXGroup;
			children = (
				6463FB6223B23E8700092562 /* JSONDecoder.swift */,
			);
			path = Extensions;
			sourceTree = "<group>";
		};
/* End PBXGroup section */

/* Begin PBXNativeTarget section */
		6462863623ADE7C200A26F49 /* NYTimes */ = {
			isa = PBXNativeTarget;
			buildConfigurationList = 6462865923ADE7C300A26F49 /* Build configuration list for PBXNativeTarget "NYTimes" */;
			buildPhases = (
				6462863323ADE7C200A26F49 /* Sources */,
				6462863423ADE7C200A26F49 /* Frameworks */,
				6462863523ADE7C200A26F49 /* Resources */,
			);
			buildRules = (
			);
			dependencies = (
			);
			name = NYTimes;
			productName = NYTimes;
			productReference = 6462863723ADE7C200A26F49 /* NYTimes.app */;
			productType = "com.apple.product-type.application";
		};
		6462864F23ADE7C300A26F49 /* NYTimesTests */ = {
			isa = PBXNativeTarget;
			buildConfigurationList = 6462865C23ADE7C300A26F49 /* Build configuration list for PBXNativeTarget "NYTimesTests" */;
			buildPhases = (
				6462864C23ADE7C300A26F49 /* Sources */,
				6462864D23ADE7C300A26F49 /* Frameworks */,
				6462864E23ADE7C300A26F49 /* Resources */,
			);
			buildRules = (
			);
			dependencies = (
				6462865223ADE7C300A26F49 /* PBXTargetDependency */,
			);
			name = NYTimesTests;
			productName = NYTimesTests;
			productReference = 6462865023ADE7C300A26F49 /* NYTimesTests.xctest */;
			productType = "com.apple.product-type.bundle.unit-test";
		};
/* End PBXNativeTarget section */

/* Begin PBXProject section */
		6462862F23ADE7C200A26F49 /* Project object */ = {
			isa = PBXProject;
			attributes = {
				LastSwiftUpdateCheck = 1130;
				LastUpgradeCheck = 1130;
				ORGANIZATIONNAME = "Mushtaque Ahmed";
				TargetAttributes = {
					6462863623ADE7C200A26F49 = {
						CreatedOnToolsVersion = 11.3;
					};
					6462864F23ADE7C300A26F49 = {
						CreatedOnToolsVersion = 11.3;
						TestTargetID = 6462863623ADE7C200A26F49;
					};
				};
			};
			buildConfigurationList = 6462863223ADE7C200A26F49 /* Build configuration list for PBXProject "NYTimes" */;
			compatibilityVersion = "Xcode 9.3";
			developmentRegion = en;
			hasScannedForEncodings = 0;
			knownRegions = (
				en,
				Base,
			);
			mainGroup = 6462862E23ADE7C200A26F49;
			productRefGroup = 6462863823ADE7C200A26F49 /* Products */;
			projectDirPath = "";
			projectRoot = "";
			targets = (
				6462863623ADE7C200A26F49 /* NYTimes */,
				6462864F23ADE7C300A26F49 /* NYTimesTests */,
			);
		};
/* End PBXProject section */

/* Begin PBXResourcesBuildPhase section */
		6462863523ADE7C200A26F49 /* Resources */ = {
			isa = PBXResourcesBuildPhase;
			buildActionMask = 2147483647;
			files = (
				647555BF23AF4DE200798F8F /* ArticleTableViewCell.xib in Resources */,
				6462864A23ADE7C300A26F49 /* LaunchScreen.storyboard in Resources */,
				6462864723ADE7C300A26F49 /* Assets.xcassets in Resources */,
				6463FB5D23B213FC00092562 /* articles.json in Resources */,
				6462864223ADE7C200A26F49 /* Main.storyboard in Resources */,
			);
			runOnlyForDeploymentPostprocessing = 0;
		};
		6462864E23ADE7C300A26F49 /* Resources */ = {
			isa = PBXResourcesBuildPhase;
			buildActionMask = 2147483647;
			files = (
			);
			runOnlyForDeploymentPostprocessing = 0;
		};
/* End PBXResourcesBuildPhase section */

/* Begin PBXSourcesBuildPhase section */
		6462863323ADE7C200A26F49 /* Sources */ = {
			isa = PBXSourcesBuildPhase;
			buildActionMask = 2147483647;
			files = (
				6462868F23AE914D00A26F49 /* Article.swift in Sources */,
				647555C323AF515A00798F8F /* DataManager.swift in Sources */,
				6462868E23AE914D00A26F49 /* Docs.swift in Sources */,
				6463FB6323B23E8700092562 /* JSONDecoder.swift in Sources */,
				6462869123AE914D00A26F49 /* Headline.swift in Sources */,
				647555C623AF811F00798F8F /* DetailViewController.swift in Sources */,
				6463FB6123B23CAB00092562 /* Helper.swift in Sources */,
				6462866523AE031700A26F49 /* NetworkManager.swift in Sources */,
				6462866223ADE88200A26F49 /* HomeViewModel.swift in Sources */,
				6462863F23ADE7C200A26F49 /* HomeViewController.swift in Sources */,
				647555BE23AF4DE200798F8F /* ArticleTableViewCell.swift in Sources */,
				6462866723AE036A00A26F49 /* HTTPClient.swift in Sources */,
				6462868123AE886B00A26F49 /* Environment.swift in Sources */,
				6462864523ADE7C200A26F49 /* NYTimes.xcdatamodeld in Sources */,
				6462868C23AE914D00A26F49 /* Response.swift in Sources */,
				6462863B23ADE7C200A26F49 /* AppDelegate.swift in Sources */,
				6462863D23ADE7C200A26F49 /* SceneDelegate.swift in Sources */,
				6462866B23AE502D00A26F49 /* Constants.swift in Sources */,
			);
			runOnlyForDeploymentPostprocessing = 0;
		};
		6462864C23ADE7C300A26F49 /* Sources */ = {
			isa = PBXSourcesBuildPhase;
			buildActionMask = 2147483647;
			files = (
				6462867F23AE7A2F00A26F49 /* NYTimesViewModelTests.swift in Sources */,
				647555CE23AF9B3C00798F8F /* NYTimesDataManagerTests.swift in Sources */,
				6462865523ADE7C300A26F49 /* NYTimesNetwrokTests.swift in Sources */,
			);
			runOnlyForDeploymentPostprocessing = 0;
		};
/* End PBXSourcesBuildPhase section */

/* Begin PBXTargetDependency section */
		6462865223ADE7C300A26F49 /* PBXTargetDependency */ = {
			isa = PBXTargetDependency;
			target = 6462863623ADE7C200A26F49 /* NYTimes */;
			targetProxy = 6462865123ADE7C300A26F49 /* PBXContainerItemProxy */;
		};
/* End PBXTargetDependency section */

/* Begin PBXVariantGroup section */
		6462864023ADE7C200A26F49 /* Main.storyboard */ = {
			isa = PBXVariantGroup;
			children = (
				6462864123ADE7C200A26F49 /* Base */,
			);
			name = Main.storyboard;
			sourceTree = "<group>";
		};
		6462864823ADE7C300A26F49 /* LaunchScreen.storyboard */ = {
			isa = PBXVariantGroup;
			children = (
				6462864923ADE7C300A26F49 /* Base */,
			);
			name = LaunchScreen.storyboard;
			sourceTree = "<group>";
		};
/* End PBXVariantGroup section */

/* Begin XCBuildConfiguration section */
		6462865723ADE7C300A26F49 /* Debug */ = {
			isa = XCBuildConfiguration;
			buildSettings = {
				ALWAYS_SEARCH_USER_PATHS = NO;
				CLANG_ANALYZER_NONNULL = YES;
				CLANG_ANALYZER_NUMBER_OBJECT_CONVERSION = YES_AGGRESSIVE;
				CLANG_CXX_LANGUAGE_STANDARD = "gnu++14";
				CLANG_CXX_LIBRARY = "libc++";
				CLANG_ENABLE_MODULES = YES;
				CLANG_ENABLE_OBJC_ARC = YES;
				CLANG_ENABLE_OBJC_WEAK = YES;
				CLANG_WARN_BLOCK_CAPTURE_AUTORELEASING = YES;
				CLANG_WARN_BOOL_CONVERSION = YES;
				CLANG_WARN_COMMA = YES;
				CLANG_WARN_CONSTANT_CONVERSION = YES;
				CLANG_WARN_DEPRECATED_OBJC_IMPLEMENTATIONS = YES;
				CLANG_WARN_DIRECT_OBJC_ISA_USAGE = YES_ERROR;
				CLANG_WARN_DOCUMENTATION_COMMENTS = YES;
				CLANG_WARN_EMPTY_BODY = YES;
				CLANG_WARN_ENUM_CONVERSION = YES;
				CLANG_WARN_INFINITE_RECURSION = YES;
				CLANG_WARN_INT_CONVERSION = YES;
				CLANG_WARN_NON_LITERAL_NULL_CONVERSION = YES;
				CLANG_WARN_OBJC_IMPLICIT_RETAIN_SELF = YES;
				CLANG_WARN_OBJC_LITERAL_CONVERSION = YES;
				CLANG_WARN_OBJC_ROOT_CLASS = YES_ERROR;
				CLANG_WARN_RANGE_LOOP_ANALYSIS = YES;
				CLANG_WARN_STRICT_PROTOTYPES = YES;
				CLANG_WARN_SUSPICIOUS_MOVE = YES;
				CLANG_WARN_UNGUARDED_AVAILABILITY = YES_AGGRESSIVE;
				CLANG_WARN_UNREACHABLE_CODE = YES;
				CLANG_WARN__DUPLICATE_METHOD_MATCH = YES;
				COPY_PHASE_STRIP = NO;
				DEBUG_INFORMATION_FORMAT = dwarf;
				ENABLE_STRICT_OBJC_MSGSEND = YES;
				ENABLE_TESTABILITY = YES;
				GCC_C_LANGUAGE_STANDARD = gnu11;
				GCC_DYNAMIC_NO_PIC = NO;
				GCC_NO_COMMON_BLOCKS = YES;
				GCC_OPTIMIZATION_LEVEL = 0;
				GCC_PREPROCESSOR_DEFINITIONS = (
					"DEBUG=1",
					"$(inherited)",
				);
				GCC_WARN_64_TO_32_BIT_CONVERSION = YES;
				GCC_WARN_ABOUT_RETURN_TYPE = YES_ERROR;
				GCC_WARN_UNDECLARED_SELECTOR = YES;
				GCC_WARN_UNINITIALIZED_AUTOS = YES_AGGRESSIVE;
				GCC_WARN_UNUSED_FUNCTION = YES;
				GCC_WARN_UNUSED_VARIABLE = YES;
				IPHONEOS_DEPLOYMENT_TARGET = 13.2;
				MTL_ENABLE_DEBUG_INFO = INCLUDE_SOURCE;
				MTL_FAST_MATH = YES;
				ONLY_ACTIVE_ARCH = YES;
				SDKROOT = iphoneos;
				SWIFT_ACTIVE_COMPILATION_CONDITIONS = DEBUG;
				SWIFT_OPTIMIZATION_LEVEL = "-Onone";
			};
			name = Debug;
		};
		6462865823ADE7C300A26F49 /* Release */ = {
			isa = XCBuildConfiguration;
			buildSettings = {
				ALWAYS_SEARCH_USER_PATHS = NO;
				CLANG_ANALYZER_NONNULL = YES;
				CLANG_ANALYZER_NUMBER_OBJECT_CONVERSION = YES_AGGRESSIVE;
				CLANG_CXX_LANGUAGE_STANDARD = "gnu++14";
				CLANG_CXX_LIBRARY = "libc++";
				CLANG_ENABLE_MODULES = YES;
				CLANG_ENABLE_OBJC_ARC = YES;
				CLANG_ENABLE_OBJC_WEAK = YES;
				CLANG_WARN_BLOCK_CAPTURE_AUTORELEASING = YES;
				CLANG_WARN_BOOL_CONVERSION = YES;
				CLANG_WARN_COMMA = YES;
				CLANG_WARN_CONSTANT_CONVERSION = YES;
				CLANG_WARN_DEPRECATED_OBJC_IMPLEMENTATIONS = YES;
				CLANG_WARN_DIRECT_OBJC_ISA_USAGE = YES_ERROR;
				CLANG_WARN_DOCUMENTATION_COMMENTS = YES;
				CLANG_WARN_EMPTY_BODY = YES;
				CLANG_WARN_ENUM_CONVERSION = YES;
				CLANG_WARN_INFINITE_RECURSION = YES;
				CLANG_WARN_INT_CONVERSION = YES;
				CLANG_WARN_NON_LITERAL_NULL_CONVERSION = YES;
				CLANG_WARN_OBJC_IMPLICIT_RETAIN_SELF = YES;
				CLANG_WARN_OBJC_LITERAL_CONVERSION = YES;
				CLANG_WARN_OBJC_ROOT_CLASS = YES_ERROR;
				CLANG_WARN_RANGE_LOOP_ANALYSIS = YES;
				CLANG_WARN_STRICT_PROTOTYPES = YES;
				CLANG_WARN_SUSPICIOUS_MOVE = YES;
				CLANG_WARN_UNGUARDED_AVAILABILITY = YES_AGGRESSIVE;
				CLANG_WARN_UNREACHABLE_CODE = YES;
				CLANG_WARN__DUPLICATE_METHOD_MATCH = YES;
				COPY_PHASE_STRIP = NO;
				DEBUG_INFORMATION_FORMAT = "dwarf-with-dsym";
				ENABLE_NS_ASSERTIONS = NO;
				ENABLE_STRICT_OBJC_MSGSEND = YES;
				GCC_C_LANGUAGE_STANDARD = gnu11;
				GCC_NO_COMMON_BLOCKS = YES;
				GCC_WARN_64_TO_32_BIT_CONVERSION = YES;
				GCC_WARN_ABOUT_RETURN_TYPE = YES_ERROR;
				GCC_WARN_UNDECLARED_SELECTOR = YES;
				GCC_WARN_UNINITIALIZED_AUTOS = YES_AGGRESSIVE;
				GCC_WARN_UNUSED_FUNCTION = YES;
				GCC_WARN_UNUSED_VARIABLE = YES;
				IPHONEOS_DEPLOYMENT_TARGET = 13.2;
				MTL_ENABLE_DEBUG_INFO = NO;
				MTL_FAST_MATH = YES;
				SDKROOT = iphoneos;
				SWIFT_COMPILATION_MODE = wholemodule;
				SWIFT_OPTIMIZATION_LEVEL = "-O";
				VALIDATE_PRODUCT = YES;
			};
			name = Release;
		};
		6462865A23ADE7C300A26F49 /* Debug */ = {
			isa = XCBuildConfiguration;
			buildSettings = {
				ASSETCATALOG_COMPILER_APPICON_NAME = AppIcon;
				CODE_SIGN_STYLE = Automatic;
				DEVELOPMENT_TEAM = RPM2Q89BYU;
				INFOPLIST_FILE = NYTimes/Info.plist;
				LD_RUNPATH_SEARCH_PATHS = (
					"$(inherited)",
					"@executable_path/Frameworks",
				);
				PRODUCT_BUNDLE_IDENTIFIER = com.aliftech.NYTimes;
				PRODUCT_NAME = "$(TARGET_NAME)";
				SWIFT_VERSION = 5.0;
				TARGETED_DEVICE_FAMILY = "1,2";
			};
			name = Debug;
		};
		6462865B23ADE7C300A26F49 /* Release */ = {
			isa = XCBuildConfiguration;
			buildSettings = {
				ASSETCATALOG_COMPILER_APPICON_NAME = AppIcon;
				CODE_SIGN_STYLE = Automatic;
				DEVELOPMENT_TEAM = RPM2Q89BYU;
				INFOPLIST_FILE = NYTimes/Info.plist;
				LD_RUNPATH_SEARCH_PATHS = (
					"$(inherited)",
					"@executable_path/Frameworks",
				);
				PRODUCT_BUNDLE_IDENTIFIER = com.aliftech.NYTimes;
				PRODUCT_NAME = "$(TARGET_NAME)";
				SWIFT_VERSION = 5.0;
				TARGETED_DEVICE_FAMILY = "1,2";
			};
			name = Release;
		};
		6462865D23ADE7C300A26F49 /* Debug */ = {
			isa = XCBuildConfiguration;
			buildSettings = {
				ALWAYS_EMBED_SWIFT_STANDARD_LIBRARIES = YES;
				BUNDLE_LOADER = "$(TEST_HOST)";
				CODE_SIGN_STYLE = Automatic;
				DEVELOPMENT_TEAM = RPM2Q89BYU;
				INFOPLIST_FILE = NYTimesTests/Info.plist;
				IPHONEOS_DEPLOYMENT_TARGET = 13.2;
				LD_RUNPATH_SEARCH_PATHS = (
					"$(inherited)",
					"@executable_path/Frameworks",
					"@loader_path/Frameworks",
				);
				PRODUCT_BUNDLE_IDENTIFIER = com.aliftech.NYTimesTests;
				PRODUCT_NAME = "$(TARGET_NAME)";
				SWIFT_VERSION = 5.0;
				TARGETED_DEVICE_FAMILY = "1,2";
				TEST_HOST = "$(BUILT_PRODUCTS_DIR)/NYTimes.app/NYTimes";
			};
			name = Debug;
		};
		6462865E23ADE7C300A26F49 /* Release */ = {
			isa = XCBuildConfiguration;
			buildSettings = {
				ALWAYS_EMBED_SWIFT_STANDARD_LIBRARIES = YES;
				BUNDLE_LOADER = "$(TEST_HOST)";
				CODE_SIGN_STYLE = Automatic;
				DEVELOPMENT_TEAM = RPM2Q89BYU;
				INFOPLIST_FILE = NYTimesTests/Info.plist;
				IPHONEOS_DEPLOYMENT_TARGET = 13.2;
				LD_RUNPATH_SEARCH_PATHS = (
					"$(inherited)",
					"@executable_path/Frameworks",
					"@loader_path/Frameworks",
				);
				PRODUCT_BUNDLE_IDENTIFIER = com.aliftech.NYTimesTests;
				PRODUCT_NAME = "$(TARGET_NAME)";
				SWIFT_VERSION = 5.0;
				TARGETED_DEVICE_FAMILY = "1,2";
				TEST_HOST = "$(BUILT_PRODUCTS_DIR)/NYTimes.app/NYTimes";
			};
			name = Release;
		};
/* End XCBuildConfiguration section */

/* Begin XCConfigurationList section */
		6462863223ADE7C200A26F49 /* Build configuration list for PBXProject "NYTimes" */ = {
			isa = XCConfigurationList;
			buildConfigurations = (
				6462865723ADE7C300A26F49 /* Debug */,
				6462865823ADE7C300A26F49 /* Release */,
			);
			defaultConfigurationIsVisible = 0;
			defaultConfigurationName = Release;
		};
		6462865923ADE7C300A26F49 /* Build configuration list for PBXNativeTarget "NYTimes" */ = {
			isa = XCConfigurationList;
			buildConfigurations = (
				6462865A23ADE7C300A26F49 /* Debug */,
				6462865B23ADE7C300A26F49 /* Release */,
			);
			defaultConfigurationIsVisible = 0;
			defaultConfigurationName = Release;
		};
		6462865C23ADE7C300A26F49 /* Build configuration list for PBXNativeTarget "NYTimesTests" */ = {
			isa = XCConfigurationList;
			buildConfigurations = (
				6462865D23ADE7C300A26F49 /* Debug */,
				6462865E23ADE7C300A26F49 /* Release */,
			);
			defaultConfigurationIsVisible = 0;
			defaultConfigurationName = Release;
		};
/* End XCConfigurationList section */

/* Begin XCVersionGroup section */
		6462864323ADE7C200A26F49 /* NYTimes.xcdatamodeld */ = {
			isa = XCVersionGroup;
			children = (
				6462864423ADE7C200A26F49 /* NYTimes.xcdatamodel */,
			);
			currentVersion = 6462864423ADE7C200A26F49 /* NYTimes.xcdatamodel */;
			path = NYTimes.xcdatamodeld;
			sourceTree = "<group>";
			versionGroupType = wrapper.xcdatamodel;
		};
/* End XCVersionGroup section */
	};
	rootObject = 6462862F23ADE7C200A26F49 /* Project object */;
}
